
Microsoft Visual Studio Solution File, Format Version 12.00
# Visual Studio Version 17
VisualStudioVersion = 17.4.33205.214
MinimumVisualStudioVersion = 10.0.40219.1
Project("{9A19103F-16F7-4668-BE54-9A1E7A4F7556}") = "KampIntro", "KampIntro\KampIntro.csproj", "{7906FD07-B4DD-4EBC-AC23-E3F7DA95CBDB}"
EndProject
Project("{9A19103F-16F7-4668-BE54-9A1E7A4F7556}") = "Donguler", "Donguler\Donguler.csproj", "{07505E52-D51C-408D-AAC1-9694F622F52D}"
EndProject
Project("{9A19103F-16F7-4668-BE54-9A1E7A4F7556}") = "ClassIntro", "ClassIntro\ClassIntro.csproj", "{9E162BFE-CA56-4BDF-B164-A0C711018B88}"
EndProject
Project("{FAE04EC0-301F-11D3-BF4B-00C04F79EFBC}") = "Metotlar", "Metotlar\Metotlar.csproj", "{CD597E46-BAB1-42AF-B543-242F92EEA057}"
EndProject
Project("{FAE04EC0-301F-11D3-BF4B-00C04F79EFBC}") = "Matematik", "Matematik\Matematik.csproj", "{ACBC2567-6775-4576-8889-243B80BF674E}"
EndProject
Project("{FAE04EC0-301F-11D3-BF4B-00C04F79EFBC}") = "DegerVeReferansTipler", "DegerVeReferansTipler\DegerVeReferansTipler.csproj", "{28477964-DF88-4188-9992-3E4DED95B121}"
EndProject
Global
	GlobalSection(SolutionConfigurationPlatforms) = preSolution
		Debug|Any CPU = Debug|Any CPU
		Release|Any CPU = Release|Any CPU
	EndGlobalSection
	GlobalSection(ProjectConfigurationPlatforms) = postSolution
		{7906FD07-B4DD-4EBC-AC23-E3F7DA95CBDB}.Debug|Any CPU.ActiveCfg = Debug|Any CPU
		{7906FD07-B4DD-4EBC-AC23-E3F7DA95CBDB}.Debug|Any CPU.Build.0 = Debug|Any CPU
		{7906FD07-B4DD-4EBC-AC23-E3F7DA95CBDB}.Release|Any CPU.ActiveCfg = Release|Any CPU
		{7906FD07-B4DD-4EBC-AC23-E3F7DA95CBDB}.Release|Any CPU.Build.0 = Release|Any CPU
		{07505E52-D51C-408D-AAC1-9694F622F52D}.Debug|Any CPU.ActiveCfg = Debug|Any CPU
		{07505E52-D51C-408D-AAC1-9694F622F52D}.Debug|Any CPU.Build.0 = Debug|Any CPU
		{07505E52-D51C-408D-AAC1-9694F622F52D}.Release|Any CPU.ActiveCfg = Release|Any CPU
		{07505E52-D51C-408D-AAC1-9694F622F52D}.Release|Any CPU.Build.0 = Release|Any CPU
		{9E162BFE-CA56-4BDF-B164-A0C711018B88}.Debug|Any CPU.ActiveCfg = Debug|Any CPU
		{9E162BFE-CA56-4BDF-B164-A0C711018B88}.Debug|Any CPU.Build.0 = Debug|Any CPU
		{9E162BFE-CA56-4BDF-B164-A0C711018B88}.Release|Any CPU.ActiveCfg = Release|Any CPU
		{9E162BFE-CA56-4BDF-B164-A0C711018B88}.Release|Any CPU.Build.0 = Release|Any CPU
		{CD597E46-BAB1-42AF-B543-242F92EEA057}.Debug|Any CPU.ActiveCfg = Debug|Any CPU
		{CD597E46-BAB1-42AF-B543-242F92EEA057}.Debug|Any CPU.Build.0 = Debug|Any CPU
		{CD597E46-BAB1-42AF-B543-242F92EEA057}.Release|Any CPU.ActiveCfg = Release|Any CPU
		{CD597E46-BAB1-42AF-B543-242F92EEA057}.Release|Any CPU.Build.0 = Release|Any CPU
		{ACBC2567-6775-4576-8889-243B80BF674E}.Debug|Any CPU.ActiveCfg = Debug|Any CPU
		{ACBC2567-6775-4576-8889-243B80BF674E}.Debug|Any CPU.Build.0 = Debug|Any CPU
		{ACBC2567-6775-4576-8889-243B80BF674E}.Release|Any CPU.ActiveCfg = Release|Any CPU
		{ACBC2567-6775-4576-8889-243B80BF674E}.Release|Any CPU.Build.0 = Release|Any CPU
		{28477964-DF88-4188-9992-3E4DED95B121}.Debug|Any CPU.ActiveCfg = Debug|Any CPU
		{28477964-DF88-4188-9992-3E4DED95B121}.Debug|Any CPU.Build.0 = Debug|Any CPU
		{28477964-DF88-4188-9992-3E4DED95B121}.Release|Any CPU.ActiveCfg = Release|Any CPU
		{28477964-DF88-4188-9992-3E4DED95B121}.Release|Any CPU.Build.0 = Release|Any CPU
	EndGlobalSection
	GlobalSection(SolutionProperties) = preSolution
		HideSolutionNode = FALSE
	EndGlobalSection
	GlobalSection(ExtensibilityGlobals) = postSolution
		SolutionGuid = {F39C298C-D03D-4019-BD5C-FCA4B9075EA2}
	EndGlobalSection
EndGlobal
